#MicroXplorer Configuration settings - do not modify
ADC1.Channel-1\#ChannelRegularConversion=ADC_CHANNEL_0
ADC1.Channel-10\#ChannelRegularConversion=ADC_CHANNEL_13
ADC1.Channel-11\#ChannelRegularConversion=ADC_CHANNEL_14
ADC1.Channel-12\#ChannelRegularConversion=ADC_CHANNEL_15
ADC1.Channel-2\#ChannelRegularConversion=ADC_CHANNEL_1
ADC1.Channel-3\#ChannelRegularConversion=ADC_CHANNEL_2
ADC1.Channel-4\#ChannelRegularConversion=ADC_CHANNEL_3
ADC1.Channel-5\#ChannelRegularConversion=ADC_CHANNEL_8
ADC1.Channel-6\#ChannelRegularConversion=ADC_CHANNEL_9
ADC1.Channel-7\#ChannelRegularConversion=ADC_CHANNEL_10
ADC1.Channel-8\#ChannelRegularConversion=ADC_CHANNEL_11
ADC1.Channel-9\#ChannelRegularConversion=ADC_CHANNEL_12
ADC1.DiscontinuousConvMode=DISABLE
ADC1.EOCSelection=ADC_EOC_SEQ_CONV
ADC1.IPParameters=Rank-1\#ChannelRegularConversion,master,Channel-1\#ChannelRegularConversion,SamplingTime-1\#ChannelRegularConversion,NbrOfConversionFlag,ScanConvMode,DiscontinuousConvMode,NbrOfConversion,Rank-2\#ChannelRegularConversion,Channel-2\#ChannelRegularConversion,SamplingTime-2\#ChannelRegularConversion,Rank-3\#ChannelRegularConversion,Channel-3\#ChannelRegularConversion,SamplingTime-3\#ChannelRegularConversion,Rank-4\#ChannelRegularConversion,Channel-4\#ChannelRegularConversion,SamplingTime-4\#ChannelRegularConversion,Rank-5\#ChannelRegularConversion,Channel-5\#ChannelRegularConversion,SamplingTime-5\#ChannelRegularConversion,Rank-6\#ChannelRegularConversion,Channel-6\#ChannelRegularConversion,SamplingTime-6\#ChannelRegularConversion,Rank-7\#ChannelRegularConversion,Channel-7\#ChannelRegularConversion,SamplingTime-7\#ChannelRegularConversion,Rank-8\#ChannelRegularConversion,Channel-8\#ChannelRegularConversion,SamplingTime-8\#ChannelRegularConversion,Rank-9\#ChannelRegularConversion,Channel-9\#ChannelRegularConversion,SamplingTime-9\#ChannelRegularConversion,Rank-10\#ChannelRegularConversion,Channel-10\#ChannelRegularConversion,SamplingTime-10\#ChannelRegularConversion,Rank-11\#ChannelRegularConversion,Channel-11\#ChannelRegularConversion,SamplingTime-11\#ChannelRegularConversion,Rank-12\#ChannelRegularConversion,Channel-12\#ChannelRegularConversion,SamplingTime-12\#ChannelRegularConversion,EOCSelection
ADC1.NbrOfConversion=12
ADC1.NbrOfConversionFlag=1
ADC1.Rank-1\#ChannelRegularConversion=1
ADC1.Rank-10\#ChannelRegularConversion=10
ADC1.Rank-11\#ChannelRegularConversion=11
ADC1.Rank-12\#ChannelRegularConversion=12
ADC1.Rank-2\#ChannelRegularConversion=2
ADC1.Rank-3\#ChannelRegularConversion=3
ADC1.Rank-4\#ChannelRegularConversion=4
ADC1.Rank-5\#ChannelRegularConversion=5
ADC1.Rank-6\#ChannelRegularConversion=6
ADC1.Rank-7\#ChannelRegularConversion=7
ADC1.Rank-8\#ChannelRegularConversion=8
ADC1.Rank-9\#ChannelRegularConversion=9
ADC1.SamplingTime-1\#ChannelRegularConversion=ADC_SAMPLETIME_3CYCLES
ADC1.SamplingTime-10\#ChannelRegularConversion=ADC_SAMPLETIME_3CYCLES
ADC1.SamplingTime-11\#ChannelRegularConversion=ADC_SAMPLETIME_3CYCLES
ADC1.SamplingTime-12\#ChannelRegularConversion=ADC_SAMPLETIME_3CYCLES
ADC1.SamplingTime-2\#ChannelRegularConversion=ADC_SAMPLETIME_3CYCLES
ADC1.SamplingTime-3\#ChannelRegularConversion=ADC_SAMPLETIME_3CYCLES
ADC1.SamplingTime-4\#ChannelRegularConversion=ADC_SAMPLETIME_3CYCLES
ADC1.SamplingTime-5\#ChannelRegularConversion=ADC_SAMPLETIME_3CYCLES
ADC1.SamplingTime-6\#ChannelRegularConversion=ADC_SAMPLETIME_3CYCLES
ADC1.SamplingTime-7\#ChannelRegularConversion=ADC_SAMPLETIME_3CYCLES
ADC1.SamplingTime-8\#ChannelRegularConversion=ADC_SAMPLETIME_3CYCLES
ADC1.SamplingTime-9\#ChannelRegularConversion=ADC_SAMPLETIME_3CYCLES
ADC1.ScanConvMode=ENABLE
ADC1.master=1
CAD.formats=
CAD.pinconfig=
CAD.provider=
Dma.ADC1.0.Direction=DMA_PERIPH_TO_MEMORY
Dma.ADC1.0.FIFOMode=DMA_FIFOMODE_DISABLE
Dma.ADC1.0.Instance=DMA2_Stream0
Dma.ADC1.0.MemDataAlignment=DMA_MDATAALIGN_HALFWORD
Dma.ADC1.0.MemInc=DMA_MINC_ENABLE
Dma.ADC1.0.Mode=DMA_NORMAL
Dma.ADC1.0.PeriphDataAlignment=DMA_PDATAALIGN_HALFWORD
Dma.ADC1.0.PeriphInc=DMA_PINC_DISABLE
Dma.ADC1.0.Priority=DMA_PRIORITY_LOW
Dma.ADC1.0.RequestParameters=Instance,Direction,PeriphInc,MemInc,PeriphDataAlignment,MemDataAlignment,Mode,Priority,FIFOMode
Dma.Request0=ADC1
Dma.Request1=USART6_RX
Dma.Request2=USART3_RX
Dma.Request3=USART2_RX
Dma.Request4=USART1_RX
Dma.Request5=UART8_RX
Dma.Request6=UART7_RX
Dma.Request7=UART5_RX
Dma.Request8=UART4_RX
Dma.RequestsNb=9
Dma.UART4_RX.8.Direction=DMA_PERIPH_TO_MEMORY
Dma.UART4_RX.8.FIFOMode=DMA_FIFOMODE_DISABLE
Dma.UART4_RX.8.Instance=DMA1_Stream2
Dma.UART4_RX.8.MemDataAlignment=DMA_MDATAALIGN_BYTE
Dma.UART4_RX.8.MemInc=DMA_MINC_ENABLE
Dma.UART4_RX.8.Mode=DMA_NORMAL
Dma.UART4_RX.8.PeriphDataAlignment=DMA_PDATAALIGN_BYTE
Dma.UART4_RX.8.PeriphInc=DMA_PINC_DISABLE
Dma.UART4_RX.8.Priority=DMA_PRIORITY_LOW
Dma.UART4_RX.8.RequestParameters=Instance,Direction,PeriphInc,MemInc,PeriphDataAlignment,MemDataAlignment,Mode,Priority,FIFOMode
Dma.UART5_RX.7.Direction=DMA_PERIPH_TO_MEMORY
Dma.UART5_RX.7.FIFOMode=DMA_FIFOMODE_DISABLE
Dma.UART5_RX.7.Instance=DMA1_Stream0
Dma.UART5_RX.7.MemDataAlignment=DMA_MDATAALIGN_BYTE
Dma.UART5_RX.7.MemInc=DMA_MINC_ENABLE
Dma.UART5_RX.7.Mode=DMA_NORMAL
Dma.UART5_RX.7.PeriphDataAlignment=DMA_PDATAALIGN_BYTE
Dma.UART5_RX.7.PeriphInc=DMA_PINC_DISABLE
Dma.UART5_RX.7.Priority=DMA_PRIORITY_LOW
Dma.UART5_RX.7.RequestParameters=Instance,Direction,PeriphInc,MemInc,PeriphDataAlignment,MemDataAlignment,Mode,Priority,FIFOMode
Dma.UART7_RX.6.Direction=DMA_PERIPH_TO_MEMORY
Dma.UART7_RX.6.FIFOMode=DMA_FIFOMODE_DISABLE
Dma.UART7_RX.6.Instance=DMA1_Stream3
Dma.UART7_RX.6.MemDataAlignment=DMA_MDATAALIGN_BYTE
Dma.UART7_RX.6.MemInc=DMA_MINC_ENABLE
Dma.UART7_RX.6.Mode=DMA_NORMAL
Dma.UART7_RX.6.PeriphDataAlignment=DMA_PDATAALIGN_BYTE
Dma.UART7_RX.6.PeriphInc=DMA_PINC_DISABLE
Dma.UART7_RX.6.Priority=DMA_PRIORITY_LOW
Dma.UART7_RX.6.RequestParameters=Instance,Direction,PeriphInc,MemInc,PeriphDataAlignment,MemDataAlignment,Mode,Priority,FIFOMode
Dma.UART8_RX.5.Direction=DMA_PERIPH_TO_MEMORY
Dma.UART8_RX.5.FIFOMode=DMA_FIFOMODE_DISABLE
Dma.UART8_RX.5.Instance=DMA1_Stream6
Dma.UART8_RX.5.MemDataAlignment=DMA_MDATAALIGN_BYTE
Dma.UART8_RX.5.MemInc=DMA_MINC_ENABLE
Dma.UART8_RX.5.Mode=DMA_NORMAL
Dma.UART8_RX.5.PeriphDataAlignment=DMA_PDATAALIGN_BYTE
Dma.UART8_RX.5.PeriphInc=DMA_PINC_DISABLE
Dma.UART8_RX.5.Priority=DMA_PRIORITY_LOW
Dma.UART8_RX.5.RequestParameters=Instance,Direction,PeriphInc,MemInc,PeriphDataAlignment,MemDataAlignment,Mode,Priority,FIFOMode
Dma.USART1_RX.4.Direction=DMA_PERIPH_TO_MEMORY
Dma.USART1_RX.4.FIFOMode=DMA_FIFOMODE_DISABLE
Dma.USART1_RX.4.Instance=DMA2_Stream2
Dma.USART1_RX.4.MemDataAlignment=DMA_MDATAALIGN_BYTE
Dma.USART1_RX.4.MemInc=DMA_MINC_ENABLE
Dma.USART1_RX.4.Mode=DMA_NORMAL
Dma.USART1_RX.4.PeriphDataAlignment=DMA_PDATAALIGN_BYTE
Dma.USART1_RX.4.PeriphInc=DMA_PINC_DISABLE
Dma.USART1_RX.4.Priority=DMA_PRIORITY_LOW
Dma.USART1_RX.4.RequestParameters=Instance,Direction,PeriphInc,MemInc,PeriphDataAlignment,MemDataAlignment,Mode,Priority,FIFOMode
Dma.USART2_RX.3.Direction=DMA_PERIPH_TO_MEMORY
Dma.USART2_RX.3.FIFOMode=DMA_FIFOMODE_DISABLE
Dma.USART2_RX.3.Instance=DMA1_Stream5
Dma.USART2_RX.3.MemDataAlignment=DMA_MDATAALIGN_BYTE
Dma.USART2_RX.3.MemInc=DMA_MINC_ENABLE
Dma.USART2_RX.3.Mode=DMA_NORMAL
Dma.USART2_RX.3.PeriphDataAlignment=DMA_PDATAALIGN_BYTE
Dma.USART2_RX.3.PeriphInc=DMA_PINC_DISABLE
Dma.USART2_RX.3.Priority=DMA_PRIORITY_LOW
Dma.USART2_RX.3.RequestParameters=Instance,Direction,PeriphInc,MemInc,PeriphDataAlignment,MemDataAlignment,Mode,Priority,FIFOMode
Dma.USART3_RX.2.Direction=DMA_PERIPH_TO_MEMORY
Dma.USART3_RX.2.FIFOMode=DMA_FIFOMODE_DISABLE
Dma.USART3_RX.2.Instance=DMA1_Stream1
Dma.USART3_RX.2.MemDataAlignment=DMA_MDATAALIGN_BYTE
Dma.USART3_RX.2.MemInc=DMA_MINC_ENABLE
Dma.USART3_RX.2.Mode=DMA_NORMAL
Dma.USART3_RX.2.PeriphDataAlignment=DMA_PDATAALIGN_BYTE
Dma.USART3_RX.2.PeriphInc=DMA_PINC_DISABLE
Dma.USART3_RX.2.Priority=DMA_PRIORITY_LOW
Dma.USART3_RX.2.RequestParameters=Instance,Direction,PeriphInc,MemInc,PeriphDataAlignment,MemDataAlignment,Mode,Priority,FIFOMode
Dma.USART6_RX.1.Direction=DMA_PERIPH_TO_MEMORY
Dma.USART6_RX.1.FIFOMode=DMA_FIFOMODE_DISABLE
Dma.USART6_RX.1.Instance=DMA2_Stream1
Dma.USART6_RX.1.MemDataAlignment=DMA_MDATAALIGN_BYTE
Dma.USART6_RX.1.MemInc=DMA_MINC_ENABLE
Dma.USART6_RX.1.Mode=DMA_NORMAL
Dma.USART6_RX.1.PeriphDataAlignment=DMA_PDATAALIGN_BYTE
Dma.USART6_RX.1.PeriphInc=DMA_PINC_DISABLE
Dma.USART6_RX.1.Priority=DMA_PRIORITY_LOW
Dma.USART6_RX.1.RequestParameters=Instance,Direction,PeriphInc,MemInc,PeriphDataAlignment,MemDataAlignment,Mode,Priority,FIFOMode
FREERTOS.BinarySemaphores01=spi_rx,Dynamic,NULL,Depleted
FREERTOS.FootprintOK=true
FREERTOS.IPParameters=Tasks01,FootprintOK,configUSE_NEWLIB_REENTRANT,Mutexes01,Queues01,BinarySemaphores01,configUSE_PREEMPTION
FREERTOS.Mutexes01=adcBufReadMutex,Dynamic,NULL,Available
FREERTOS.Queues01=uartQueue,20,17,1,Dynamic,NULL,NULL
FREERTOS.Tasks01=defaultTask,24,128,StartDefaultTask,Default,NULL,Dynamic,NULL,NULL;logTask,41,128,logTaskEntry,Default,NULL,Dynamic,NULL,NULL;adcReadTask,24,128,adcReadTaskEntry,Default,NULL,Dynamic,NULL,NULL;huartTask,26,256,huartTaskEntry,As external,NULL,Dynamic,NULL,NULL;adsReadTask,24,128,adsTaskEntry,Default,NULL,Dynamic,NULL,NULL
FREERTOS.configUSE_NEWLIB_REENTRANT=1
FREERTOS.configUSE_PREEMPTION=1
File.Version=6
GPIO.groupedBy=Group By Peripherals
KeepUserPlacement=false
Mcu.CPN=STM32F427ZGT6
Mcu.Family=STM32F4
Mcu.IP0=ADC1
Mcu.IP1=DMA
Mcu.IP10=SYS
Mcu.IP11=UART4
Mcu.IP12=UART5
Mcu.IP13=UART7
Mcu.IP14=UART8
Mcu.IP15=USART1
Mcu.IP16=USART2
Mcu.IP17=USART3
Mcu.IP18=USART6
Mcu.IP2=FREERTOS
Mcu.IP3=NVIC
Mcu.IP4=RCC
Mcu.IP5=SPI1
Mcu.IP6=SPI2
Mcu.IP7=SPI3
Mcu.IP8=SPI4
Mcu.IP9=SPI5
Mcu.IPNb=19
Mcu.Name=STM32F427Z(G-I)Tx
Mcu.Package=LQFP144
Mcu.Pin0=PE2
Mcu.Pin1=PE3
Mcu.Pin10=PF5
Mcu.Pin11=PF6
Mcu.Pin12=PF7
Mcu.Pin13=PF8
Mcu.Pin14=PF9
Mcu.Pin15=PF10
Mcu.Pin16=PH0/OSC_IN
Mcu.Pin17=PH1/OSC_OUT
Mcu.Pin18=PC0
Mcu.Pin19=PC1
Mcu.Pin2=PE4
Mcu.Pin20=PC2
Mcu.Pin21=PC3
Mcu.Pin22=PA0/WKUP
Mcu.Pin23=PA1
Mcu.Pin24=PA2
Mcu.Pin25=PA3
Mcu.Pin26=PA4
Mcu.Pin27=PA5
Mcu.Pin28=PA6
Mcu.Pin29=PA7
Mcu.Pin3=PE5
Mcu.Pin30=PC4
Mcu.Pin31=PC5
Mcu.Pin32=PB0
Mcu.Pin33=PB1
Mcu.Pin34=PE7
Mcu.Pin35=PE8
Mcu.Pin36=PB10
Mcu.Pin37=PB11
Mcu.Pin38=PB13
Mcu.Pin39=PB14
Mcu.Pin4=PE6
Mcu.Pin40=PB15
Mcu.Pin41=PD8
Mcu.Pin42=PD9
Mcu.Pin43=PG2
Mcu.Pin44=PG3
Mcu.Pin45=PG4
Mcu.Pin46=PG7
Mcu.Pin47=PC6
Mcu.Pin48=PC7
Mcu.Pin49=PA9
Mcu.Pin5=PC13
Mcu.Pin50=PA10
Mcu.Pin51=PA13
Mcu.Pin52=PA14
Mcu.Pin53=PA15
Mcu.Pin54=PC10
Mcu.Pin55=PC11
Mcu.Pin56=PC12
Mcu.Pin57=PD2
Mcu.Pin58=PD5
Mcu.Pin59=PD6
Mcu.Pin6=PF0
Mcu.Pin60=PG15
Mcu.Pin61=PB3
Mcu.Pin62=PB4
Mcu.Pin63=PB5
Mcu.Pin64=PB6
Mcu.Pin65=PB7
Mcu.Pin66=PB8
Mcu.Pin67=PE0
Mcu.Pin68=PE1
Mcu.Pin69=VP_FREERTOS_VS_CMSIS_V2
Mcu.Pin7=PF1
Mcu.Pin70=VP_SYS_VS_tim6
Mcu.Pin8=PF3
Mcu.Pin9=PF4
Mcu.PinsNb=71
Mcu.ThirdPartyNb=0
Mcu.UserConstants=mbus_uart_baud,2400
Mcu.UserName=STM32F427ZGTx
MxCube.Version=6.14.0
MxDb.Version=DB.6.0.140
NVIC.BusFault_IRQn=true\:0\:0\:false\:false\:true\:false\:false\:false\:false
NVIC.DMA1_Stream0_IRQn=true\:5\:0\:false\:false\:true\:true\:false\:true\:true
NVIC.DMA1_Stream1_IRQn=true\:5\:0\:false\:false\:true\:true\:false\:true\:true
NVIC.DMA1_Stream2_IRQn=true\:5\:0\:false\:false\:true\:true\:false\:true\:true
NVIC.DMA1_Stream3_IRQn=true\:5\:0\:false\:false\:true\:true\:false\:true\:true
NVIC.DMA1_Stream5_IRQn=true\:5\:0\:false\:false\:true\:true\:false\:true\:true
NVIC.DMA1_Stream6_IRQn=true\:5\:0\:false\:false\:true\:true\:false\:true\:true
NVIC.DMA2_Stream0_IRQn=true\:5\:0\:false\:false\:true\:true\:false\:true\:true
NVIC.DMA2_Stream1_IRQn=true\:5\:0\:false\:false\:true\:true\:false\:true\:true
NVIC.DMA2_Stream2_IRQn=true\:5\:0\:false\:false\:true\:true\:false\:true\:true
NVIC.DebugMonitor_IRQn=true\:0\:0\:false\:false\:true\:false\:false\:false\:false
NVIC.ForceEnableDMAVector=true
NVIC.HardFault_IRQn=true\:0\:0\:false\:false\:true\:false\:false\:false\:false
NVIC.MemoryManagement_IRQn=true\:0\:0\:false\:false\:true\:false\:false\:false\:false
NVIC.NonMaskableInt_IRQn=true\:0\:0\:false\:false\:true\:false\:false\:true\:false
NVIC.PendSV_IRQn=true\:15\:0\:false\:false\:false\:true\:false\:false\:false
NVIC.PriorityGroup=NVIC_PRIORITYGROUP_4
NVIC.SVCall_IRQn=true\:0\:0\:false\:false\:false\:false\:false\:false\:false
NVIC.SavedPendsvIrqHandlerGenerated=true
NVIC.SavedSvcallIrqHandlerGenerated=true
NVIC.SavedSystickIrqHandlerGenerated=true
NVIC.SysTick_IRQn=true\:15\:0\:false\:false\:false\:true\:false\:true\:false
NVIC.TIM6_DAC_IRQn=true\:15\:0\:false\:false\:true\:false\:false\:true\:true
NVIC.TimeBase=TIM6_DAC_IRQn
NVIC.TimeBaseIP=TIM6
NVIC.UsageFault_IRQn=true\:0\:0\:false\:false\:true\:false\:false\:false\:false
PA0/WKUP.Signal=ADCx_IN0
PA1.Signal=ADCx_IN1
PA10.Locked=true
PA10.Mode=Asynchronous
PA10.Signal=USART1_RX
PA13.Mode=Serial_Wire
PA13.Signal=SYS_JTMS-SWDIO
PA14.Mode=Serial_Wire
PA14.Signal=SYS_JTCK-SWCLK
PA15.GPIOParameters=GPIO_Speed
PA15.GPIO_Speed=GPIO_SPEED_FREQ_VERY_HIGH
PA15.Mode=NSS_Signal_Hard_Input
PA15.Signal=SPI3_NSS
PA2.Signal=ADCx_IN2
PA3.Signal=ADCx_IN3
PA4.Mode=NSS_Signal_Hard_Input
PA4.Signal=SPI1_NSS
PA5.GPIOParameters=GPIO_Speed
PA5.GPIO_Speed=GPIO_SPEED_FREQ_VERY_HIGH
PA5.Mode=Full_Duplex_Slave
PA5.Signal=SPI1_SCK
PA6.GPIOParameters=GPIO_Speed,GPIO_PuPd,GPIO_Mode
PA6.GPIO_Mode=GPIO_MODE_AF_PP
PA6.GPIO_PuPd=GPIO_NOPULL
PA6.GPIO_Speed=GPIO_SPEED_FREQ_VERY_HIGH
PA6.Mode=Full_Duplex_Slave
PA6.Signal=SPI1_MISO
PA7.GPIOParameters=GPIO_Speed
PA7.GPIO_Speed=GPIO_SPEED_FREQ_VERY_HIGH
PA7.Mode=Full_Duplex_Slave
PA7.Signal=SPI1_MOSI
PA9.Mode=Asynchronous
PA9.Signal=USART1_TX
PB0.Signal=ADCx_IN8
PB1.Signal=ADCx_IN9
PB10.Mode=Asynchronous
PB10.Signal=USART3_TX
PB11.Mode=Asynchronous
PB11.Signal=USART3_RX
PB13.Locked=true
PB13.Mode=Full_Duplex_Master
PB13.Signal=SPI2_SCK
PB14.Mode=Full_Duplex_Master
PB14.Signal=SPI2_MISO
PB15.Mode=Full_Duplex_Master
PB15.Signal=SPI2_MOSI
PB3.GPIOParameters=GPIO_Speed
PB3.GPIO_Speed=GPIO_SPEED_FREQ_VERY_HIGH
PB3.Mode=Full_Duplex_Slave
PB3.Signal=SPI3_SCK
PB4.GPIOParameters=GPIO_Speed
PB4.GPIO_Speed=GPIO_SPEED_FREQ_VERY_HIGH
PB4.Mode=Full_Duplex_Slave
PB4.Signal=SPI3_MISO
PB5.GPIOParameters=GPIO_Speed
PB5.GPIO_Speed=GPIO_SPEED_FREQ_VERY_HIGH
PB5.Locked=true
PB5.Mode=Full_Duplex_Slave
PB5.Signal=SPI3_MOSI
PB6.Locked=true
PB6.Signal=GPIO_Output
PB7.Locked=true
PB7.Signal=GPIO_Output
PB8.Locked=true
PB8.Signal=GPIO_Output
PC0.Signal=ADCx_IN10
PC1.Signal=ADCx_IN11
PC10.Locked=true
PC10.Mode=Asynchronous
PC10.Signal=UART4_TX
PC11.Locked=true
PC11.Mode=Asynchronous
PC11.Signal=UART4_RX
PC12.Mode=Asynchronous
PC12.Signal=UART5_TX
PC13.Locked=true
PC13.Signal=GPIO_Output
PC2.Signal=ADCx_IN12
PC3.Signal=ADCx_IN13
PC4.Signal=ADCx_IN14
PC5.Signal=ADCx_IN15
PC6.Mode=Asynchronous
PC6.Signal=USART6_TX
PC7.Mode=Asynchronous
PC7.Signal=USART6_RX
PD2.Mode=Asynchronous
PD2.Signal=UART5_RX
PD5.Mode=Asynchronous
PD5.Signal=USART2_TX
PD6.Mode=Asynchronous
PD6.Signal=USART2_RX
PD8.GPIOParameters=GPIO_Label
PD8.GPIO_Label=SPI2_SoftNSS
PD8.Locked=true
PD8.Signal=GPIO_Output
PD9.GPIOParameters=GPIO_Label
PD9.GPIO_Label=LED_ONBOARD
PD9.Locked=true
PD9.Signal=GPIO_Output
PE0.Mode=Asynchronous
PE0.Signal=UART8_RX
PE1.Mode=Asynchronous
PE1.Signal=UART8_TX
PE2.Mode=Full_Duplex_Master
PE2.Signal=SPI4_SCK
PE3.Locked=true
PE3.Signal=GPIO_Output
PE4.GPIOParameters=GPIO_Label
PE4.GPIO_Label=SPI4_SoftNSS
PE4.Locked=true
PE4.Signal=GPIO_Output
PE5.Mode=Full_Duplex_Master
PE5.Signal=SPI4_MISO
PE6.Mode=Full_Duplex_Master
PE6.Signal=SPI4_MOSI
PE7.Locked=true
PE7.Mode=Asynchronous
PE7.Signal=UART7_RX
PE8.Locked=true
PE8.Mode=Asynchronous
PE8.Signal=UART7_TX
PF0.Locked=true
PF0.Signal=GPIO_Output
PF1.Locked=true
PF1.Signal=GPIO_Output
PF10.Locked=true
PF10.Signal=GPIO_Output
PF3.Locked=true
PF3.Signal=GPIO_Output
PF4.Locked=true
PF4.Signal=GPIO_Output
PF5.Locked=true
PF5.Signal=GPIO_Output
PF6.Mode=NSS_Signal_Hard_Output
PF6.Signal=SPI5_NSS
PF7.Mode=Full_Duplex_Master
PF7.Signal=SPI5_SCK
PF8.Mode=Full_Duplex_Master
PF8.Signal=SPI5_MISO
PF9.Mode=Full_Duplex_Master
PF9.Signal=SPI5_MOSI
PG15.Locked=true
PG15.Signal=GPIO_Output
PG2.GPIOParameters=PinState,GPIO_Label
PG2.GPIO_Label=ADS_RESET
PG2.Locked=true
PG2.PinState=GPIO_PIN_SET
PG2.Signal=GPIO_Output
PG3.Locked=true
PG3.Signal=GPIO_Input
PG4.GPIOParameters=PinState,GPIO_Label
PG4.GPIO_Label=ADS_START
PG4.Locked=true
PG4.PinState=GPIO_PIN_SET
PG4.Signal=GPIO_Output
PG7.Locked=true
PG7.Signal=GPIO_Output
PH0/OSC_IN.Mode=HSE-External-Oscillator
PH0/OSC_IN.Signal=RCC_OSC_IN
PH1/OSC_OUT.Mode=HSE-External-Oscillator
PH1/OSC_OUT.Signal=RCC_OSC_OUT
PinOutPanel.RotationAngle=0
ProjectManager.AskForMigrate=true
ProjectManager.BackupPrevious=false
ProjectManager.CompilerLinker=GCC
ProjectManager.CompilerOptimize=6
ProjectManager.ComputerToolchain=false
ProjectManager.CoupleFile=false
ProjectManager.CustomerFirmwarePackage=
ProjectManager.DefaultFWLocation=true
ProjectManager.DeletePrevious=true
ProjectManager.DeviceId=STM32F427ZGTx
ProjectManager.FirmwarePackage=STM32Cube FW_F4 V1.28.2
ProjectManager.FreePins=false
ProjectManager.HalAssertFull=false
ProjectManager.HeapSize=0x200
ProjectManager.KeepUserCode=true
ProjectManager.LastFirmware=true
ProjectManager.LibraryCopy=1
ProjectManager.MainLocation=Core/Src
ProjectManager.MultiThreaded=true
ProjectManager.NoMain=false
ProjectManager.PreviousToolchain=
ProjectManager.ProjectBuild=false
ProjectManager.ProjectFileName=solar_schmiede-stm-adapter.ioc
ProjectManager.ProjectName=solar_schmiede-stm-adapter
ProjectManager.ProjectStructure=
ProjectManager.RegisterCallBack=
ProjectManager.StackSize=0x400
ProjectManager.TargetToolchain=STM32CubeIDE
ProjectManager.ThreadSafeStrategy=Cortex-M4NS\:Default,
ProjectManager.ToolChainLocation=
ProjectManager.UAScriptAfterPath=
ProjectManager.UAScriptBeforePath=
ProjectManager.UnderRoot=true
ProjectManager.functionlistsort=1-SystemClock_Config-RCC-false-HAL-false,2-MX_GPIO_Init-GPIO-false-HAL-true,3-MX_DMA_Init-DMA-false-HAL-true,4-MX_SPI1_Init-SPI1-false-HAL-true,5-MX_UART4_Init-UART4-false-HAL-true,6-MX_UART5_Init-UART5-false-HAL-true,7-MX_UART7_Init-UART7-false-HAL-true,8-MX_UART8_Init-UART8-false-HAL-true,9-MX_USART1_UART_Init-USART1-false-HAL-true,10-MX_USART2_UART_Init-USART2-false-HAL-true,11-MX_USART3_UART_Init-USART3-false-HAL-true,12-MX_USART6_UART_Init-USART6-false-HAL-true,13-MX_SPI3_Init-SPI3-false-HAL-true,14-MX_SPI4_Init-SPI4-false-HAL-true,15-MX_SPI5_Init-SPI5-false-HAL-true,16-MX_ADC1_Init-ADC1-false-HAL-true,17-MX_SPI2_Init-SPI2-false-HAL-true
RCC.48MHZClocksFreq_Value=48000000
RCC.AHBFreq_Value=168000000
RCC.APB1CLKDivider=RCC_HCLK_DIV16
RCC.APB1Freq_Value=10500000
RCC.APB1TimFreq_Value=21000000
RCC.APB2CLKDivider=RCC_HCLK_DIV2
RCC.APB2Freq_Value=84000000
RCC.APB2TimFreq_Value=168000000
RCC.CortexFreq_Value=168000000
RCC.EnbaleCSS=true
RCC.EthernetFreq_Value=168000000
RCC.FCLKCortexFreq_Value=168000000
RCC.FamilyName=M
RCC.HCLKFreq_Value=168000000
RCC.HSE_VALUE=26000000
RCC.HSI_VALUE=16000000
RCC.I2SClocksFreq_Value=192000000
RCC.IPParameters=48MHZClocksFreq_Value,AHBFreq_Value,APB1CLKDivider,APB1Freq_Value,APB1TimFreq_Value,APB2CLKDivider,APB2Freq_Value,APB2TimFreq_Value,CortexFreq_Value,EnbaleCSS,EthernetFreq_Value,FCLKCortexFreq_Value,FamilyName,HCLKFreq_Value,HSE_VALUE,HSI_VALUE,I2SClocksFreq_Value,LSE_VALUE,LSI_VALUE,MCO2PinFreq_Value,PLLCLKFreq_Value,PLLM,PLLN,PLLQ,PLLQCLKFreq_Value,PLLSourceVirtual,RTCFreq_Value,RTCHSEDivFreq_Value,SAI_AClocksFreq_Value,SAI_BClocksFreq_Value,SYSCLKFreq_VALUE,SYSCLKSource,VCOI2SOutputFreq_Value,VCOInputFreq_Value,VCOOutputFreq_Value,VCOSAIOutputFreq_Value,VCOSAIOutputFreq_ValueQ,VcooutputI2S,VcooutputI2SQ
RCC.LSE_VALUE=32768
RCC.LSI_VALUE=32000
RCC.MCO2PinFreq_Value=168000000
RCC.PLLCLKFreq_Value=168000000
RCC.PLLM=13
RCC.PLLN=168
RCC.PLLQ=7
RCC.PLLQCLKFreq_Value=48000000
RCC.PLLSourceVirtual=RCC_PLLSOURCE_HSE
RCC.RTCFreq_Value=32000
RCC.RTCHSEDivFreq_Value=13000000
RCC.SAI_AClocksFreq_Value=24500000
RCC.SAI_BClocksFreq_Value=24500000
RCC.SYSCLKFreq_VALUE=168000000
RCC.SYSCLKSource=RCC_SYSCLKSOURCE_PLLCLK
RCC.VCOI2SOutputFreq_Value=384000000
RCC.VCOInputFreq_Value=2000000
RCC.VCOOutputFreq_Value=336000000
RCC.VCOSAIOutputFreq_Value=98000000
RCC.VCOSAIOutputFreq_ValueQ=24500000
RCC.VcooutputI2S=192000000
RCC.VcooutputI2SQ=192000000
SH.ADCx_IN0.0=ADC1_IN0,IN0
SH.ADCx_IN0.ConfNb=1
SH.ADCx_IN1.0=ADC1_IN1,IN1
SH.ADCx_IN1.ConfNb=1
SH.ADCx_IN10.0=ADC1_IN10,IN10
SH.ADCx_IN10.ConfNb=1
SH.ADCx_IN11.0=ADC1_IN11,IN11
SH.ADCx_IN11.ConfNb=1
SH.ADCx_IN12.0=ADC1_IN12,IN12
SH.ADCx_IN12.ConfNb=1
SH.ADCx_IN13.0=ADC1_IN13,IN13
SH.ADCx_IN13.ConfNb=1
SH.ADCx_IN14.0=ADC1_IN14,IN14
SH.ADCx_IN14.ConfNb=1
SH.ADCx_IN15.0=ADC1_IN15,IN15
SH.ADCx_IN15.ConfNb=1
SH.ADCx_IN2.0=ADC1_IN2,IN2
SH.ADCx_IN2.ConfNb=1
SH.ADCx_IN3.0=ADC1_IN3,IN3
SH.ADCx_IN3.ConfNb=1
SH.ADCx_IN8.0=ADC1_IN8,IN8
SH.ADCx_IN8.ConfNb=1
SH.ADCx_IN9.0=ADC1_IN9,IN9
SH.ADCx_IN9.ConfNb=1
SPI1.Direction=SPI_DIRECTION_2LINES
SPI1.IPParameters=VirtualType,Mode,Direction,VirtualNSS
SPI1.Mode=SPI_MODE_SLAVE
SPI1.VirtualNSS=VM_NSSHARD
SPI1.VirtualType=VM_SLAVE
SPI2.BaudRatePrescaler=SPI_BAUDRATEPRESCALER_32
SPI2.CalculateBaudRate=328.125 KBits/s
SPI2.Direction=SPI_DIRECTION_2LINES
SPI2.IPParameters=VirtualType,Mode,Direction,CalculateBaudRate,BaudRatePrescaler
SPI2.Mode=SPI_MODE_MASTER
SPI2.VirtualType=VM_MASTER
SPI3.Direction=SPI_DIRECTION_2LINES
SPI3.IPParameters=VirtualType,Mode,Direction,VirtualNSS
SPI3.Mode=SPI_MODE_SLAVE
SPI3.VirtualNSS=VM_NSSHARD
SPI3.VirtualType=VM_SLAVE
SPI4.BaudRatePrescaler=SPI_BAUDRATEPRESCALER_256
SPI4.CLKPhase=SPI_PHASE_2EDGE
SPI4.CalculateBaudRate=328.125 KBits/s
SPI4.Direction=SPI_DIRECTION_2LINES
SPI4.IPParameters=VirtualType,Mode,Direction,CalculateBaudRate,BaudRatePrescaler,CLKPhase
SPI4.Mode=SPI_MODE_MASTER
SPI4.VirtualType=VM_MASTER
SPI5.BaudRatePrescaler=SPI_BAUDRATEPRESCALER_2
SPI5.CalculateBaudRate=42.0 MBits/s
SPI5.Direction=SPI_DIRECTION_2LINES
SPI5.IPParameters=VirtualType,Mode,Direction,CalculateBaudRate,VirtualNSS,BaudRatePrescaler
SPI5.Mode=SPI_MODE_MASTER
SPI5.VirtualNSS=VM_NSSHARD
SPI5.VirtualType=VM_MASTER
UART4.BaudRate=mbus_uart_baud
UART4.IPParameters=VirtualMode,BaudRate
UART4.VirtualMode=Asynchronous
UART5.BaudRate=mbus_uart_baud
UART5.IPParameters=VirtualMode,BaudRate
UART5.VirtualMode=Asynchronous
UART7.BaudRate=mbus_uart_baud
UART7.IPParameters=VirtualMode,BaudRate
UART7.VirtualMode=Asynchronous
UART8.BaudRate=mbus_uart_baud
UART8.IPParameters=VirtualMode,BaudRate
UART8.VirtualMode=Asynchronous
USART1.BaudRate=mbus_uart_baud
USART1.IPParameters=VirtualMode,BaudRate
USART1.VirtualMode=VM_ASYNC
USART2.BaudRate=mbus_uart_baud
USART2.IPParameters=VirtualMode,BaudRate
USART2.VirtualMode=VM_ASYNC
USART3.BaudRate=mbus_uart_baud
USART3.IPParameters=VirtualMode,BaudRate
USART3.VirtualMode=VM_ASYNC
USART6.BaudRate=mbus_uart_baud
USART6.IPParameters=VirtualMode,BaudRate
USART6.VirtualMode=VM_ASYNC
VP_FREERTOS_VS_CMSIS_V2.Mode=CMSIS_V2
VP_FREERTOS_VS_CMSIS_V2.Signal=FREERTOS_VS_CMSIS_V2
VP_SYS_VS_tim6.Mode=TIM6
VP_SYS_VS_tim6.Signal=SYS_VS_tim6
board=custom
rtos.0.ip=FREERTOS
isbadioc=false
